{
    "_readme": [
        "This file locks the dependencies of your project to a known state",
        "Read more about it at https://getcomposer.org/doc/01-basic-usage.md#installing-dependencies",
        "This file is @generated automatically"
    ],
    "content-hash": "e60990697f51f301331ef025e4156a99",
    "packages": [
        {
            "name": "justinrainbow/json-schema",
            "version": "v5.2.13",
            "source": {
                "type": "git",
                "url": "https://github.com/jsonrainbow/json-schema.git",
                "reference": "fbbe7e5d79f618997bc3332a6f49246036c45793"
            },
            "dist": {
                "type": "zip",
                "url": "https://api.github.com/repos/jsonrainbow/json-schema/zipball/fbbe7e5d79f618997bc3332a6f49246036c45793",
                "reference": "fbbe7e5d79f618997bc3332a6f49246036c45793",
                "shasum": ""
            },
            "require": {
                "php": ">=5.3.3"
            },
            "require-dev": {
                "friendsofphp/php-cs-fixer": "~2.2.20||~2.15.1",
                "json-schema/json-schema-test-suite": "1.2.0",
                "phpunit/phpunit": "^4.8.35"
            },
            "bin": [
                "bin/validate-json"
            ],
            "type": "library",
            "extra": {
                "branch-alias": {
                    "dev-master": "5.0.x-dev"
                }
            },
            "autoload": {
                "psr-4": {
                    "JsonSchema\\": "src/JsonSchema/"
                }
            },
            "notification-url": "https://packagist.org/downloads/",
            "license": [
                "MIT"
            ],
            "authors": [
                {
                    "name": "Bruno Prieto Reis",
                    "email": "bruno.p.reis@gmail.com"
                },
                {
                    "name": "Justin Rainbow",
                    "email": "justin.rainbow@gmail.com"
                },
                {
                    "name": "Igor Wiedler",
                    "email": "igor@wiedler.ch"
                },
                {
                    "name": "Robert Schönthal",
                    "email": "seroscho@googlemail.com"
                }
            ],
            "description": "A library to validate a json schema.",
            "homepage": "https://github.com/justinrainbow/json-schema",
            "keywords": [
                "json",
                "schema"
            ],
            "support": {
                "issues": "https://github.com/jsonrainbow/json-schema/issues",
                "source": "https://github.com/jsonrainbow/json-schema/tree/v5.2.13"
            },
            "time": "2023-09-26T02:20:38+00:00"
        },
        {
            "name": "nfephp-org/sped-common",
            "version": "v5.1.14",
            "source": {
                "type": "git",
                "url": "https://github.com/nfephp-org/sped-common.git",
                "reference": "32e23b0b1b60fcb41beae421f2d93e5fd3280041"
            },
            "dist": {
                "type": "zip",
                "url": "https://api.github.com/repos/nfephp-org/sped-common/zipball/32e23b0b1b60fcb41beae421f2d93e5fd3280041",
                "reference": "32e23b0b1b60fcb41beae421f2d93e5fd3280041",
                "shasum": ""
            },
            "require": {
                "ext-curl": "*",
                "ext-dom": "*",
                "ext-mbstring": "*",
                "ext-openssl": "*",
                "ext-soap": "*",
                "php": ">= 7.4",
                "psr/log": "^1.0||^2.0||^3.0"
            },
            "require-dev": {
                "phpcompatibility/php-compatibility": "^9.3",
                "phpstan/phpstan": "^1.4",
                "phpunit/phpunit": "^9.3",
                "scrutinizer/ocular": "^1.8",
                "squizlabs/php_codesniffer": "^3.6"
            },
            "type": "library",
            "extra": {
                "branch-alias": {
                    "dev-v5.0": "5.0-dev"
                }
            },
            "autoload": {
                "psr-4": {
                    "NFePHP\\Common\\": "src/"
                }
            },
            "notification-url": "https://packagist.org/downloads/",
            "license": [
                "LGPL-3.0-or-later",
                "GPL-3.0-or-later",
                "MIT"
            ],
            "authors": [
                {
                    "name": "Roberto L. Machado",
                    "email": "linux.rlm@gmail.com.br",
                    "homepage": "http://www.nfephp.org",
                    "role": "Developer"
                },
                {
                    "name": "Gustavo Lidani",
                    "email": "lidanig0@gmail.com",
                    "homepage": "https://github.com/lidani",
                    "role": "Developer"
                },
                {
                    "name": "Comunidade NFePHP",
                    "homepage": "https://github.com/nfephp-org/sped-common/graphs/contributors"
                }
            ],
            "description": "sped-common é parte do projeto NFePHP.",
            "homepage": "https://github.com/nfephp-org/sped-common",
            "keywords": [
                "nfe",
                "nfephp",
                "sped"
            ],
            "support": {
                "issues": "https://github.com/nfephp-org/sped-common/issues",
                "source": "https://github.com/nfephp-org/sped-common/tree/v5.1.14"
            },
            "time": "2023-11-17T19:28:38+00:00"
        },
        {
            "name": "nfephp-org/sped-mdfe",
            "version": "dev-master",
            "source": {
                "type": "git",
                "url": "https://github.com/nfephp-org/sped-mdfe.git",
                "reference": "921264926cb1bde8100bb81ccacd107e50fcd2fc"
            },
            "dist": {
                "type": "zip",
                "url": "https://api.github.com/repos/nfephp-org/sped-mdfe/zipball/921264926cb1bde8100bb81ccacd107e50fcd2fc",
                "reference": "921264926cb1bde8100bb81ccacd107e50fcd2fc",
                "shasum": ""
            },
            "require": {
                "ext-dom": "*",
                "ext-json": "*",
                "ext-libxml": "*",
                "ext-openssl": "*",
                "ext-simplexml": "*",
                "ext-soap": "*",
                "ext-zlib": "*",
                "justinrainbow/json-schema": "^5.2",
                "nfephp-org/sped-common": "^5.0",
                "php": ">=7.0"
            },
            "require-dev": {
                "phpstan/phpstan": "^0.9.2",
                "phpunit/phpunit": "^7.5",
                "scrutinizer/ocular": "^1.3",
                "sebastian/phpcpd": "^4.1",
                "squizlabs/php_codesniffer": "^3.4"
            },
            "default-branch": true,
            "type": "library",
            "extra": {
                "branch-alias": {
                    "dev-master": "1.1.0-dev"
                }
            },
            "autoload": {
                "psr-4": {
                    "NFePHP\\MDFe\\": "src/"
                }
            },
            "notification-url": "https://packagist.org/downloads/",
            "license": [
                "GPL-3.0+",
                "LGPL-3.0+",
                "MIT"
            ],
            "authors": [
                {
                    "name": "Roberto L. Machado",
                    "email": "linux.rlm@gmail.com.br",
                    "homepage": "http://www.nfephp.org",
                    "role": "Developer"
                },
                {
                    "name": "Cleiton Perin",
                    "email": "cperin20@gmail.com.br",
                    "homepage": "https://www.facebook.com/cperin20",
                    "role": "Developer"
                },
                {
                    "name": "Comunidade NFePHP",
                    "homepage": "https://github.com/nfephp-org/sped-mdfe/graphs/contributors"
                }
            ],
            "description": "API para geração e comunicação da MDFe com as SEFAZ autorizadoras.",
            "homepage": "https://github.com/nfephp-org/sped-mdfe",
            "keywords": [
                "mdfe",
                "nfephp",
                "sped"
            ],
            "support": {
                "issues": "https://github.com/nfephp-org/sped-mdfe/issues",
                "source": "https://github.com/nfephp-org/sped-mdfe/tree/master"
            },
            "time": "2024-05-20T18:40:00+00:00"
        },
        {
            "name": "psr/log",
            "version": "3.0.0",
            "source": {
                "type": "git",
                "url": "https://github.com/php-fig/log.git",
                "reference": "fe5ea303b0887d5caefd3d431c3e61ad47037001"
            },
            "dist": {
                "type": "zip",
                "url": "https://api.github.com/repos/php-fig/log/zipball/fe5ea303b0887d5caefd3d431c3e61ad47037001",
                "reference": "fe5ea303b0887d5caefd3d431c3e61ad47037001",
                "shasum": ""
            },
            "require": {
                "php": ">=8.0.0"
            },
            "type": "library",
            "extra": {
                "branch-alias": {
                    "dev-master": "3.x-dev"
                }
            },
            "autoload": {
                "psr-4": {
                    "Psr\\Log\\": "src"
                }
            },
            "notification-url": "https://packagist.org/downloads/",
            "license": [
                "MIT"
            ],
            "authors": [
                {
                    "name": "PHP-FIG",
                    "homepage": "https://www.php-fig.org/"
                }
            ],
            "description": "Common interface for logging libraries",
            "homepage": "https://github.com/php-fig/log",
            "keywords": [
                "log",
                "psr",
                "psr-3"
            ],
            "support": {
                "source": "https://github.com/php-fig/log/tree/3.0.0"
            },
            "time": "2021-07-14T16:46:02+00:00"
        }
    ],
    "packages-dev": [],
    "aliases": [],
    "minimum-stability": "stable",
    "stability-flags": {
        "nfephp-org/sped-mdfe": 20
    },
    "prefer-stable": false,
    "prefer-lowest": false,
    "platform": [],
    "platform-dev": [],
    "plugin-api-version": "2.3.0"
}
